
Microsoft Visual Studio Solution File, Format Version 12.00
# Visual Studio 15
Project("{FAE04EC0-301F-11D3-BF4B-00C04F79EFBC}") = "Assembly-CSharp-Editor", "Assembly-CSharp-Editor.csproj", "{62BE9D7B-BA44-7A36-0004-4E5425F7583E}"
EndProject
Project("{FAE04EC0-301F-11D3-BF4B-00C04F79EFBC}") = "Assembly-CSharp", "Assembly-CSharp.csproj", "{2F2A423C-D9B3-9C2A-F63F-2D314D4FBAE2}"
EndProject
Global
	GlobalSection(SolutionConfigurationPlatforms) = preSolution
		Debug|Any CPU = Debug|Any CPU
		Release|Any CPU = Release|Any CPU
	EndGlobalSection
	GlobalSection(ProjectConfigurationPlatforms) = postSolution
		{62BE9D7B-BA44-7A36-0004-4E5425F7583E}.Debug|Any CPU.ActiveCfg = Debug|Any CPU
		{62BE9D7B-BA44-7A36-0004-4E5425F7583E}.Debug|Any CPU.Build.0 = Debug|Any CPU
		{62BE9D7B-BA44-7A36-0004-4E5425F7583E}.Release|Any CPU.ActiveCfg = Release|Any CPU
		{62BE9D7B-BA44-7A36-0004-4E5425F7583E}.Release|Any CPU.Build.0 = Release|Any CPU
		{2F2A423C-D9B3-9C2A-F63F-2D314D4FBAE2}.Debug|Any CPU.ActiveCfg = Debug|Any CPU
		{2F2A423C-D9B3-9C2A-F63F-2D314D4FBAE2}.Debug|Any CPU.Build.0 = Debug|Any CPU
		{2F2A423C-D9B3-9C2A-F63F-2D314D4FBAE2}.Release|Any CPU.ActiveCfg = Release|Any CPU
		{2F2A423C-D9B3-9C2A-F63F-2D314D4FBAE2}.Release|Any CPU.Build.0 = Release|Any CPU
	EndGlobalSection
	GlobalSection(SolutionProperties) = preSolution
		HideSolutionNode = FALSE
	EndGlobalSection
EndGlobal
